
Microsoft Visual Studio Solution File, Format Version 12.00
# Visual Studio Version 17
VisualStudioVersion = 17.4.33213.308
MinimumVisualStudioVersion = 10.0.40219.1
Project("{FAE04EC0-301F-11D3-BF4B-00C04F79EFBC}") = "NoMoreGoldWave", "NoMoreGoldWave\NoMoreGoldWave.csproj", "{562109F5-1000-467F-A542-952485EC7CFF}"
EndProject
Global
	GlobalSection(SolutionConfigurationPlatforms) = preSolution
		Debug|Any CPU = Debug|Any CPU
		Release|Any CPU = Release|Any CPU
	EndGlobalSection
	GlobalSection(ProjectConfigurationPlatforms) = postSolution
		{562109F5-1000-467F-A542-952485EC7CFF}.Debug|Any CPU.ActiveCfg = Debug|Any CPU
		{562109F5-1000-467F-A542-952485EC7CFF}.Debug|Any CPU.Build.0 = Debug|Any CPU
		{562109F5-1000-467F-A542-952485EC7CFF}.Release|Any CPU.ActiveCfg = Release|Any CPU
		{562109F5-1000-467F-A542-952485EC7CFF}.Release|Any CPU.Build.0 = Release|Any CPU
	EndGlobalSection
	GlobalSection(SolutionProperties) = preSolution
		HideSolutionNode = FALSE
	EndGlobalSection
	GlobalSection(ExtensibilityGlobals) = postSolution
		SolutionGuid = {D95C0891-B177-48E5-931E-B91D3462C9AF}
	EndGlobalSection
EndGlobal
